
Microsoft Visual Studio Solution File, Format Version 12.00
# Visual Studio Version 17
VisualStudioVersion = 17.11.35312.102
MinimumVisualStudioVersion = 10.0.40219.1
Project("{9A19103F-16F7-4668-BE54-9A1E7A4F7556}") = "RemnantBuddy", "RemnantBuddy\RemnantBuddy.csproj", "{32780F17-EE43-4A7B-9555-DA954D7816C0}"
EndProject
Project("{9A19103F-16F7-4668-BE54-9A1E7A4F7556}") = "RemnantBuddyBackend", "Builder\RemnantBuddyBackend.csproj", "{27552D61-291B-4791-B36D-CAB2CA406E76}"
EndProject
Project("{FAE04EC0-301F-11D3-BF4B-00C04F79EFBC}") = "ConsoleUtil", "ConsoleUtil\ConsoleUtil.csproj", "{D312EFDA-CB91-44DC-901D-52FA739F3E1E}"
EndProject
Global
	GlobalSection(SolutionConfigurationPlatforms) = preSolution
		Debug|Any CPU = Debug|Any CPU
		Release|Any CPU = Release|Any CPU
	EndGlobalSection
	GlobalSection(ProjectConfigurationPlatforms) = postSolution
		{32780F17-EE43-4A7B-9555-DA954D7816C0}.Debug|Any CPU.ActiveCfg = Debug|Any CPU
		{32780F17-EE43-4A7B-9555-DA954D7816C0}.Debug|Any CPU.Build.0 = Debug|Any CPU
		{32780F17-EE43-4A7B-9555-DA954D7816C0}.Debug|Any CPU.Deploy.0 = Debug|Any CPU
		{32780F17-EE43-4A7B-9555-DA954D7816C0}.Release|Any CPU.ActiveCfg = Release|Any CPU
		{32780F17-EE43-4A7B-9555-DA954D7816C0}.Release|Any CPU.Build.0 = Release|Any CPU
		{32780F17-EE43-4A7B-9555-DA954D7816C0}.Release|Any CPU.Deploy.0 = Release|Any CPU
		{27552D61-291B-4791-B36D-CAB2CA406E76}.Debug|Any CPU.ActiveCfg = Debug|Any CPU
		{27552D61-291B-4791-B36D-CAB2CA406E76}.Debug|Any CPU.Build.0 = Debug|Any CPU
		{27552D61-291B-4791-B36D-CAB2CA406E76}.Release|Any CPU.ActiveCfg = Release|Any CPU
		{27552D61-291B-4791-B36D-CAB2CA406E76}.Release|Any CPU.Build.0 = Release|Any CPU
		{D312EFDA-CB91-44DC-901D-52FA739F3E1E}.Debug|Any CPU.ActiveCfg = Debug|Any CPU
		{D312EFDA-CB91-44DC-901D-52FA739F3E1E}.Debug|Any CPU.Build.0 = Debug|Any CPU
		{D312EFDA-CB91-44DC-901D-52FA739F3E1E}.Release|Any CPU.ActiveCfg = Release|Any CPU
		{D312EFDA-CB91-44DC-901D-52FA739F3E1E}.Release|Any CPU.Build.0 = Release|Any CPU
	EndGlobalSection
	GlobalSection(SolutionProperties) = preSolution
		HideSolutionNode = FALSE
	EndGlobalSection
	GlobalSection(ExtensibilityGlobals) = postSolution
		SolutionGuid = {D07936A8-D8E0-4171-BB7B-30DC84382027}
	EndGlobalSection
EndGlobal
